{
  "originHash" : "4c667398af946efb161d40a30992a984324cbe8cd83d23136cef70e3ce1fe0cc",
  "pins" : [
    {
      "identity" : "alamofire",
      "kind" : "remoteSourceControl",
      "location" : "https://github.com/Alamofire/Alamofire.git",
      "state" : {
        "revision" : "513364f870f6bfc468f9d2ff0a95caccc10044c5",
        "version" : "5.10.2"
      }
    },
    {
      "identity" : "realm-core",
      "kind" : "remoteSourceControl",
      "location" : "https://github.com/realm/realm-core.git",
      "state" : {
        "revision" : "cccb3ca9e26ec452a29f2f0d4050d1e38b8a3d43",
        "version" : "14.14.0"
      }
    },
    {
      "identity" : "realm-swift",
      "kind" : "remoteSourceControl",
      "location" : "https://github.com/realm/realm-swift",
      "state" : {
        "branch" : "master",
        "revision" : "c22f9303d446fc3c044e4c151ed19597464b6bd7"
      }
    },
    {
      "identity" : "rxswift",
      "kind" : "remoteSourceControl",
      "location" : "https://github.com/ReactiveX/RxSwift.git",
      "state" : {
        "revision" : "5004a18539bd68905c5939aa893075f578f4f03d",
        "version" : "6.9.1"
      }
    }
  ],
  "version" : 3
}
